<?xml version="1.0" encoding="utf-8"?>
<Project xmlns="http://schemas.microsoft.com/developer/msbuild/2003">
  <ItemGroup>
    <Filter Include="Form Files">
      <UniqueIdentifier>{99349809-55BA-4b9d-BF79-8FDBB0286EB3}</UniqueIdentifier>
      <Extensions>ui</Extensions>
      <ParseFiles>false</ParseFiles>
    </Filter>
    <Filter Include="Form Files">
      <UniqueIdentifier>{99349809-55BA-4b9d-BF79-8FDBB0286EB3}</UniqueIdentifier>
      <Extensions>ui</Extensions>
      <ParseFiles>false</ParseFiles>
    </Filter>
    <Filter Include="Generated Files">
      <UniqueIdentifier>{71ED8ED8-ACB9-4CE9-BBE1-E00B30144E11}</UniqueIdentifier>
      <Extensions>cpp;c;cxx;moc;h;def;odl;idl;res;</Extensions>
    </Filter>
    <Filter Include="Generated Files">
      <UniqueIdentifier>{71ED8ED8-ACB9-4CE9-BBE1-E00B30144E11}</UniqueIdentifier>
      <Extensions>cpp;c;cxx;moc;h;def;odl;idl;res;</Extensions>
    </Filter>
    <Filter Include="Header Files">
      <UniqueIdentifier>{93995380-89BD-4b04-88EB-625FBE52EBFB}</UniqueIdentifier>
      <Extensions>h;hpp;hxx;hm;inl;inc;xsd</Extensions>
    </Filter>
    <Filter Include="Header Files">
      <UniqueIdentifier>{93995380-89BD-4b04-88EB-625FBE52EBFB}</UniqueIdentifier>
      <Extensions>h;hpp;hxx;hm;inl;inc;xsd</Extensions>
    </Filter>
    <Filter Include="Resource Files">
      <UniqueIdentifier>{D9D6E242-F8AF-46E4-B9FD-80ECBC20BA3E}</UniqueIdentifier>
      <Extensions>qrc;*</Extensions>
      <ParseFiles>false</ParseFiles>
    </Filter>
    <Filter Include="Resource Files">
      <UniqueIdentifier>{D9D6E242-F8AF-46E4-B9FD-80ECBC20BA3E}</UniqueIdentifier>
      <Extensions>qrc;*</Extensions>
      <ParseFiles>false</ParseFiles>
    </Filter>
    <Filter Include="Source Files">
      <UniqueIdentifier>{4FC737F1-C7A5-4376-A066-2A32D752A2FF}</UniqueIdentifier>
      <Extensions>cpp;c;cxx;def;odl;idl;hpj;bat;asm;asmx</Extensions>
    </Filter>
    <Filter Include="Source Files">
      <UniqueIdentifier>{4FC737F1-C7A5-4376-A066-2A32D752A2FF}</UniqueIdentifier>
      <Extensions>cpp;c;cxx;def;odl;idl;hpj;bat;asm;asmx</Extensions>
    </Filter>
    <Filter Include="Distribution Files">
      <UniqueIdentifier>{B83CAF91-C7BF-462F-B76C-EA11631F866C}</UniqueIdentifier>
      <Extensions>*</Extensions>
      <ParseFiles>false</ParseFiles>
    </Filter>
    <Filter Include="Distribution Files">
      <UniqueIdentifier>{B83CAF91-C7BF-462F-B76C-EA11631F866C}</UniqueIdentifier>
      <Extensions>*</Extensions>
      <ParseFiles>false</ParseFiles>
    </Filter>
  </ItemGroup>
  <ItemGroup>
    <ClCompile Include="biggest.cpp">
      <Filter>Source Files</Filter>
    </ClCompile>
    <ClCompile Include="bigpic.cpp">
      <Filter>Source Files</Filter>
    </ClCompile>
    <ClCompile Include="choosemodeldialog.cpp">
      <Filter>Source Files</Filter>
    </ClCompile>
    <ClCompile Include="main.cpp">
      <Filter>Source Files</Filter>
    </ClCompile>
    <ClCompile Include="mainwindow.cpp">
      <Filter>Source Files</Filter>
    </ClCompile>
    <ClCompile Include="newdialog.cpp">
      <Filter>Source Files</Filter>
    </ClCompile>
    <ClCompile Include="packagedialog.cpp">
      <Filter>Source Files</Filter>
    </ClCompile>
    <ClCompile Include="projectinfo.cpp">
      <Filter>Source Files</Filter>
    </ClCompile>
    <ClCompile Include="restoredialog.cpp">
      <Filter>Source Files</Filter>
    </ClCompile>
  </ItemGroup>
  <ItemGroup>
    <QtMoc Include="biggest.h">
      <Filter>Header Files</Filter>
    </QtMoc>
    <QtMoc Include="biggestdelegate.h">
      <Filter>Header Files</Filter>
    </QtMoc>
    <QtMoc Include="bigpic.h">
      <Filter>Header Files</Filter>
    </QtMoc>
    <QtMoc Include="choosemodeldialog.h">
      <Filter>Header Files</Filter>
    </QtMoc>
    <QtMoc Include="mainwindow.h">
      <Filter>Header Files</Filter>
    </QtMoc>
    <QtMoc Include="newdialog.h">
      <Filter>Header Files</Filter>
    </QtMoc>
    <QtMoc Include="packagedialog.h">
      <Filter>Header Files</Filter>
    </QtMoc>
    <QtMoc Include="projectinfo.h">
      <Filter>Header Files</Filter>
    </QtMoc>
    <QtMoc Include="restoredialog.h">
      <Filter>Header Files</Filter>
    </QtMoc>
  </ItemGroup>
  <ItemGroup>
    <CustomBuild Include="debug\moc_predefs.h.cbt">
      <Filter>Generated Files</Filter>
    </CustomBuild>
    <CustomBuild Include="release\moc_predefs.h.cbt">
      <Filter>Generated Files</Filter>
    </CustomBuild>
  </ItemGroup>
  <ItemGroup>
    <QtUic Include="biggest.ui">
      <Filter>Form Files</Filter>
    </QtUic>
    <QtUic Include="bigpic.ui">
      <Filter>Form Files</Filter>
    </QtUic>
    <QtUic Include="choosemodeldialog.ui">
      <Filter>Form Files</Filter>
    </QtUic>
    <QtUic Include="mainwindow.ui">
      <Filter>Form Files</Filter>
    </QtUic>
    <QtUic Include="newdialog.ui">
      <Filter>Form Files</Filter>
    </QtUic>
    <QtUic Include="packagedialog.ui">
      <Filter>Form Files</Filter>
    </QtUic>
    <QtUic Include="restoredialog.ui">
      <Filter>Form Files</Filter>
    </QtUic>
  </ItemGroup>
  <ItemGroup>
    <None Include="image\1.jpg">
      <Filter>Resource Files</Filter>
    </None>
    <None Include="image\2.jpg">
      <Filter>Resource Files</Filter>
    </None>
    <None Include="image\3.jpg">
      <Filter>Resource Files</Filter>
    </None>
    <None Include="image\Write.png">
      <Filter>Resource Files</Filter>
    </None>
    <None Include="image\backups.png">
      <Filter>Resource Files</Filter>
    </None>
    <None Include="image\big.png">
      <Filter>Resource Files</Filter>
    </None>
    <None Include="image\biggest.png">
      <Filter>Resource Files</Filter>
    </None>
    <None Include="image\del.png">
      <Filter>Resource Files</Filter>
    </None>
    <None Include="image\detail.png">
      <Filter>Resource Files</Filter>
    </None>
    <None Include="image\exit.png">
      <Filter>Resource Files</Filter>
    </None>
    <None Include="image\fix.png">
      <Filter>Resource Files</Filter>
    </None>
    <None Include="image\list.png">
      <Filter>Resource Files</Filter>
    </None>
    <None Include="image\new.png">
      <Filter>Resource Files</Filter>
    </None>
    <None Include="image\open.png">
      <Filter>Resource Files</Filter>
    </None>
    <None Include="image\package.png">
      <Filter>Resource Files</Filter>
    </None>
    <None Include="image\pic.ico">
      <Filter>Resource Files</Filter>
    </None>
    <None Include="image\pic.png">
      <Filter>Resource Files</Filter>
    </None>
    <None Include="image\restore.png">
      <Filter>Resource Files</Filter>
    </None>
    <None Include="image\small.png">
      <Filter>Resource Files</Filter>
    </None>
    <QtRcc Include="src.qrc">
      <Filter>Resource Files</Filter>
    </QtRcc>
    <None Include="image\start.png">
      <Filter>Resource Files</Filter>
    </None>
  </ItemGroup>
  <ItemGroup>
    <None Include="Myproject_1.pro.user">
      <Filter>Distribution Files</Filter>
    </None>
  </ItemGroup>
  <ItemGroup>
    <ResourceCompile Include=".\Myproject_1_resource.rc" />
  </ItemGroup>
</Project>